PODS:
  - esewa_pnp (1.0.0):
    - Flutter
  - Flutter (1.0.0)

DEPENDENCIES:
  - esewa_pnp (from `.symlinks/plugins/esewa_pnp/ios`)
  - Flutter (from `Flutter`)

EXTERNAL SOURCES:
  esewa_pnp:
    :path: ".symlinks/plugins/esewa_pnp/ios"
  Flutter:
    :path: Flutter

SPEC CHECKSUMS:
  esewa_pnp: 9c61e6be5134cd5bbaff0fd8f5051365f88ab8d6
  Flutter: 434fef37c0980e73bb6479ef766c45957d4b510c

PODFILE CHECKSUM: a75497545d4391e2d394c3668e20cfb1c2bbd4aa

COCOAPODS: 1.10.1
